
Microsoft Visual Studio Solution File, Format Version 12.00
# Visual Studio Version 16
VisualStudioVersion = 16.0.29215.179
MinimumVisualStudioVersion = 10.0.40219.1
Project("{FAE04EC0-301F-11D3-BF4B-00C04F79EFBC}") = "graficalGame", "graficalGame\graficalGame.csproj", "{D4FAD591-B733-4F3A-9649-7EDB3F1A441C}"
EndProject
Global
	GlobalSection(SolutionConfigurationPlatforms) = preSolution
		Debug|Any CPU = Debug|Any CPU
		Release|Any CPU = Release|Any CPU
	EndGlobalSection
	GlobalSection(ProjectConfigurationPlatforms) = postSolution
		{D4FAD591-B733-4F3A-9649-7EDB3F1A441C}.Debug|Any CPU.ActiveCfg = Debug|Any CPU
		{D4FAD591-B733-4F3A-9649-7EDB3F1A441C}.Debug|Any CPU.Build.0 = Debug|Any CPU
		{D4FAD591-B733-4F3A-9649-7EDB3F1A441C}.Release|Any CPU.ActiveCfg = Release|Any CPU
		{D4FAD591-B733-4F3A-9649-7EDB3F1A441C}.Release|Any CPU.Build.0 = Release|Any CPU
	EndGlobalSection
	GlobalSection(SolutionProperties) = preSolution
		HideSolutionNode = FALSE
	EndGlobalSection
	GlobalSection(ExtensibilityGlobals) = postSolution
		SolutionGuid = {E8A2A18E-953B-4716-BD44-D90FF1193179}
	EndGlobalSection
EndGlobal
